
Microsoft Visual Studio Solution File, Format Version 12.00
# Visual Studio Version 16
VisualStudioVersion = 25.0.1704.2
MinimumVisualStudioVersion = 10.0.40219.1
Project("{FAE04EC0-301F-11D3-BF4B-00C04F79EFBC}") = "UniGhanaChallenge", "UniGhanaChallenge\UniGhanaChallenge.csproj", "{AE2218D9-7E1D-478D-BA69-034552A869C2}"
EndProject
Global
	GlobalSection(SolutionConfigurationPlatforms) = preSolution
		Debug|Any CPU = Debug|Any CPU
		Release|Any CPU = Release|Any CPU
	EndGlobalSection
	GlobalSection(ProjectConfigurationPlatforms) = postSolution
		{AE2218D9-7E1D-478D-BA69-034552A869C2}.Debug|Any CPU.ActiveCfg = Debug|Any CPU
		{AE2218D9-7E1D-478D-BA69-034552A869C2}.Debug|Any CPU.Build.0 = Debug|Any CPU
		{AE2218D9-7E1D-478D-BA69-034552A869C2}.Release|Any CPU.ActiveCfg = Release|Any CPU
		{AE2218D9-7E1D-478D-BA69-034552A869C2}.Release|Any CPU.Build.0 = Release|Any CPU
	EndGlobalSection
	GlobalSection(SolutionProperties) = preSolution
		HideSolutionNode = FALSE
	EndGlobalSection
	GlobalSection(ExtensibilityGlobals) = postSolution
		SolutionGuid = {861451BD-0C42-406F-8553-8C765FE46032}
	EndGlobalSection
EndGlobal
